{
  "name": "front-backend-demo",
  "lockfileVersion": 3,
  "requires": true,
  "packages": {
    "": {
      "dependencies": {
        "@fontsource-variable/noto-sans-kr": "^5.0.3"
      }
    },
    "node_modules/@fontsource-variable/noto-sans-kr": {
      "version": "5.0.3",
      "resolved": "https://registry.npmjs.org/@fontsource-variable/noto-sans-kr/-/noto-sans-kr-5.0.3.tgz",
      "integrity": "sha512-Mjd+5Cr728QUjelv7JDAJHHq7LZhLbA9C13jMCDl42zNTpuTnNwpNUjpCxdmvxEXwofa6oaTVihPZgySm4/L5w=="
    }
  }
}
